
Microsoft Visual Studio Solution File, Format Version 12.00
# Visual Studio Version 16
VisualStudioVersion = 16.0.29001.49
MinimumVisualStudioVersion = 10.0.40219.1
Project("{FAE04EC0-301F-11D3-BF4B-00C04F79EFBC}") = "SALBA_WEB_Proyecto_2019", "SALBA_WEB_Proyecto_2019\SALBA_WEB_Proyecto_2019.csproj", "{88A277C2-C008-4328-B34D-B8AD1F0214A7}"
EndProject
Global
	GlobalSection(SolutionConfigurationPlatforms) = preSolution
		Debug|Any CPU = Debug|Any CPU
		Release|Any CPU = Release|Any CPU
	EndGlobalSection
	GlobalSection(ProjectConfigurationPlatforms) = postSolution
		{88A277C2-C008-4328-B34D-B8AD1F0214A7}.Debug|Any CPU.ActiveCfg = Debug|Any CPU
		{88A277C2-C008-4328-B34D-B8AD1F0214A7}.Debug|Any CPU.Build.0 = Debug|Any CPU
		{88A277C2-C008-4328-B34D-B8AD1F0214A7}.Release|Any CPU.ActiveCfg = Release|Any CPU
		{88A277C2-C008-4328-B34D-B8AD1F0214A7}.Release|Any CPU.Build.0 = Release|Any CPU
	EndGlobalSection
	GlobalSection(SolutionProperties) = preSolution
		HideSolutionNode = FALSE
	EndGlobalSection
	GlobalSection(ExtensibilityGlobals) = postSolution
		SolutionGuid = {D8DC27AF-D714-49EC-B985-8573B0BF7C9D}
	EndGlobalSection
EndGlobal
